dependencies:
- name: kube-state-metrics
  repository: https://prometheus-community.github.io/helm-charts
  version: 5.33.0
- name: prometheus-node-exporter
  repository: https://prometheus-community.github.io/helm-charts
  version: 4.46.0
- name: prometheus-windows-exporter
  repository: https://prometheus-community.github.io/helm-charts
  version: 0.10.0
- name: kepler
  repository: https://sustainable-computing-io.github.io/kepler-helm-chart
  version: 0.5.17
- name: opencost
  repository: https://opencost.github.io/opencost-helm-chart
  version: 2.5.20
digest: sha256:47a35e7be488fd3d5319e3c1f7f7a8dbe866acae77dfbcb63edf7413f2c46f35
generated: "2026-05-20T00:35:05.218307235Z"
