dependencies:
- name: kube-state-metrics
  repository: https://prometheus-community.github.io/helm-charts
  version: 7.3.0
- name: prometheus-node-exporter
  repository: https://prometheus-community.github.io/helm-charts
  version: 4.46.0
- name: prometheus-windows-exporter
  repository: https://prometheus-community.github.io/helm-charts
  version: 0.10.0
- name: kepler
  repository: https://sustainable-computing-io.github.io/kepler-helm-chart
  version: 0.5.17
- name: opencost
  repository: https://opencost.github.io/opencost-helm-chart
  version: 1.43.2
digest: sha256:c9af2575fda3b9ccfb5e86e16d3140809d0947160b9c36efb080248445d2c777
generated: "2026-05-12T06:18:02.141579975Z"
