dependencies:
- name: kube-state-metrics
  repository: https://prometheus-community.github.io/helm-charts
  version: 7.4.0
- name: prometheus-node-exporter
  repository: https://prometheus-community.github.io/helm-charts
  version: 4.46.0
- name: prometheus-windows-exporter
  repository: https://prometheus-community.github.io/helm-charts
  version: 0.10.0
- name: kepler
  repository: https://sustainable-computing-io.github.io/kepler-helm-chart
  version: 0.5.17
- name: opencost
  repository: https://opencost.github.io/opencost-helm-chart
  version: 1.43.2
digest: sha256:30c99c37fb76f1519b97a3c0089b1bb0d44ff1081dde90b126d9ce6702cd515a
generated: "2026-05-22T14:42:06.131324821Z"
