dependencies:
- name: alloy
  repository: https://grafana.github.io/helm-charts
  version: 1.0.2
- name: alloy
  repository: https://grafana.github.io/helm-charts
  version: 1.0.2
- name: alloy
  repository: https://grafana.github.io/helm-charts
  version: 1.0.2
- name: alloy
  repository: https://grafana.github.io/helm-charts
  version: 1.0.2
- name: kube-state-metrics
  repository: https://prometheus-community.github.io/helm-charts
  version: 5.33.0
- name: prometheus-node-exporter
  repository: https://prometheus-community.github.io/helm-charts
  version: 4.46.0
- name: prometheus-operator-crds
  repository: https://prometheus-community.github.io/helm-charts
  version: 20.0.0
- name: prometheus-windows-exporter
  repository: https://prometheus-community.github.io/helm-charts
  version: 0.10.0
- name: opencost
  repository: https://opencost.github.io/opencost-helm-chart
  version: 1.43.2
- name: kepler
  repository: https://sustainable-computing-io.github.io/kepler-helm-chart
  version: 0.6.1
- name: beyla
  repository: https://grafana.github.io/helm-charts
  version: 1.7.3
digest: sha256:a2af1fbe100463f2acc1468a0265f243bece0b5a6b548f7384679c1810760887
generated: "2026-05-12T06:18:40.905696145Z"
